// !$*UTF8*$!
{
	archiveVersion = 1;
	classes = {
	};
	objectVersion = 46;
	objects = {

/* Begin PBXBuildFile section */
		15B1CAF01BBD8E8700E8B75F /* AppDelegate.swift in Sources */ = {isa = PBXBuildFile; fileRef = 15B1CAEF1BBD8E8700E8B75F /* AppDelegate.swift */; };
		15B1CAF21BBD8E8700E8B75F /* ViewController.swift in Sources */ = {isa = PBXBuildFile; fileRef = 15B1CAF11BBD8E8700E8B75F /* ViewController.swift */; };
		15B1CAF51BBD8E8700E8B75F /* Main.storyboard in Resources */ = {isa = PBXBuildFile; fileRef = 15B1CAF31BBD8E8700E8B75F /* Main.storyboard */; };
		15B1CAF71BBD8E8700E8B75F /* Assets.xcassets in Resources */ = {isa = PBXBuildFile; fileRef = 15B1CAF61BBD8E8700E8B75F /* Assets.xcassets */; };
		15B1CAFA1BBD8E8700E8B75F /* LaunchScreen.storyboard in Resources */ = {isa = PBXBuildFile; fileRef = 15B1CAF81BBD8E8700E8B75F /* LaunchScreen.storyboard */; };
		15B1CB0A1BBD8FCF00E8B75F /* pop.mp3 in Resources */ = {isa = PBXBuildFile; fileRef = 15B1CB011BBD8FCF00E8B75F /* pop.mp3 */; settings = {ASSET_TAGS = (); }; };
		15B1CB0B1BBD8FCF00E8B75F /* crash.mp3 in Resources */ = {isa = PBXBuildFile; fileRef = 15B1CB021BBD8FCF00E8B75F /* crash.mp3 */; settings = {ASSET_TAGS = (); }; };
		15B1CB0C1BBD8FCF00E8B75F /* jump.mp3 in Resources */ = {isa = PBXBuildFile; fileRef = 15B1CB031BBD8FCF00E8B75F /* jump.mp3 */; settings = {ASSET_TAGS = (); }; };
		15B1CB0D1BBD8FCF00E8B75F /* beep.mp3 in Resources */ = {isa = PBXBuildFile; fileRef = 15B1CB041BBD8FCF00E8B75F /* beep.mp3 */; settings = {ASSET_TAGS = (); }; };
		15B1CB0E1BBD8FCF00E8B75F /* screech.mp3 in Resources */ = {isa = PBXBuildFile; fileRef = 15B1CB051BBD8FCF00E8B75F /* screech.mp3 */; settings = {ASSET_TAGS = (); }; };
		15B1CB0F1BBD8FCF00E8B75F /* bomb.mp3 in Resources */ = {isa = PBXBuildFile; fileRef = 15B1CB061BBD8FCF00E8B75F /* bomb.mp3 */; settings = {ASSET_TAGS = (); }; };
		15B1CB101BBD8FCF00E8B75F /* scream.mp3 in Resources */ = {isa = PBXBuildFile; fileRef = 15B1CB071BBD8FCF00E8B75F /* scream.mp3 */; settings = {ASSET_TAGS = (); }; };
		15B1CB111BBD8FCF00E8B75F /* boing.mp3 in Resources */ = {isa = PBXBuildFile; fileRef = 15B1CB081BBD8FCF00E8B75F /* boing.mp3 */; settings = {ASSET_TAGS = (); }; };
		15B1CB121BBD8FCF00E8B75F /* fall.mp3 in Resources */ = {isa = PBXBuildFile; fileRef = 15B1CB091BBD8FCF00E8B75F /* fall.mp3 */; settings = {ASSET_TAGS = (); }; };
/* End PBXBuildFile section */

/* Begin PBXFileReference section */
		15B1CAEC1BBD8E8700E8B75F /* Shake It.app */ = {isa = PBXFileReference; explicitFileType = wrapper.application; includeInIndex = 0; path = "Shake It.app"; sourceTree = BUILT_PRODUCTS_DIR; };
		15B1CAEF1BBD8E8700E8B75F /* AppDelegate.swift */ = {isa = PBXFileReference; lastKnownFileType = sourcecode.swift; path = AppDelegate.swift; sourceTree = "<group>"; };
		15B1CAF11BBD8E8700E8B75F /* ViewController.swift */ = {isa = PBXFileReference; lastKnownFileType = sourcecode.swift; path = ViewController.swift; sourceTree = "<group>"; };
		15B1CAF41BBD8E8700E8B75F /* Base */ = {isa = PBXFileReference; lastKnownFileType = file.storyboard; name = Base; path = Base.lproj/Main.storyboard; sourceTree = "<group>"; };
		15B1CAF61BBD8E8700E8B75F /* Assets.xcassets */ = {isa = PBXFileReference; lastKnownFileType = folder.assetcatalog; path = Assets.xcassets; sourceTree = "<group>"; };
		15B1CAF91BBD8E8700E8B75F /* Base */ = {isa = PBXFileReference; lastKnownFileType = file.storyboard; name = Base; path = Base.lproj/LaunchScreen.storyboard; sourceTree = "<group>"; };
		15B1CAFB1BBD8E8700E8B75F /* Info.plist */ = {isa = PBXFileReference; lastKnownFileType = text.plist.xml; path = Info.plist; sourceTree = "<group>"; };
		15B1CB011BBD8FCF00E8B75F /* pop.mp3 */ = {isa = PBXFileReference; lastKnownFileType = audio.mp3; path = pop.mp3; sourceTree = "<group>"; };
		15B1CB021BBD8FCF00E8B75F /* crash.mp3 */ = {isa = PBXFileReference; lastKnownFileType = audio.mp3; path = crash.mp3; sourceTree = "<group>"; };
		15B1CB031BBD8FCF00E8B75F /* jump.mp3 */ = {isa = PBXFileReference; lastKnownFileType = audio.mp3; path = jump.mp3; sourceTree = "<group>"; };
		15B1CB041BBD8FCF00E8B75F /* beep.mp3 */ = {isa = PBXFileReference; lastKnownFileType = audio.mp3; path = beep.mp3; sourceTree = "<group>"; };
		15B1CB051BBD8FCF00E8B75F /* screech.mp3 */ = {isa = PBXFileReference; lastKnownFileType = audio.mp3; path = screech.mp3; sourceTree = "<group>"; };
		15B1CB061BBD8FCF00E8B75F /* bomb.mp3 */ = {isa = PBXFileReference; lastKnownFileType = audio.mp3; path = bomb.mp3; sourceTree = "<group>"; };
		15B1CB071BBD8FCF00E8B75F /* scream.mp3 */ = {isa = PBXFileReference; lastKnownFileType = audio.mp3; path = scream.mp3; sourceTree = "<group>"; };
		15B1CB081BBD8FCF00E8B75F /* boing.mp3 */ = {isa = PBXFileReference; lastKnownFileType = audio.mp3; path = boing.mp3; sourceTree = "<group>"; };
		15B1CB091BBD8FCF00E8B75F /* fall.mp3 */ = {isa = PBXFileReference; lastKnownFileType = audio.mp3; path = fall.mp3; sourceTree = "<group>"; };
/* End PBXFileReference section */

/* Begin PBXFrameworksBuildPhase section */
		15B1CAE91BBD8E8700E8B75F /* Frameworks */ = {
			isa = PBXFrameworksBuildPhase;
			buildActionMask = 2147483647;
			files = (
			);
			runOnlyForDeploymentPostprocessing = 0;
		};
/* End PBXFrameworksBuildPhase section */

/* Begin PBXGroup section */
		15B1CAE31BBD8E8700E8B75F = {
			isa = PBXGroup;
			children = (
				15B1CAEE1BBD8E8700E8B75F /* Shake It */,
				15B1CAED1BBD8E8700E8B75F /* Products */,
			);
			sourceTree = "<group>";
		};
		15B1CAED1BBD8E8700E8B75F /* Products */ = {
			isa = PBXGroup;
			children = (
				15B1CAEC1BBD8E8700E8B75F /* Shake It.app */,
			);
			name = Products;
			sourceTree = "<group>";
		};
		15B1CAEE1BBD8E8700E8B75F /* Shake It */ = {
			isa = PBXGroup;
			children = (
				15B1CAEF1BBD8E8700E8B75F /* AppDelegate.swift */,
				15B1CAF11BBD8E8700E8B75F /* ViewController.swift */,
				15B1CAF31BBD8E8700E8B75F /* Main.storyboard */,
				15B1CAF61BBD8E8700E8B75F /* Assets.xcassets */,
				15B1CAF81BBD8E8700E8B75F /* LaunchScreen.storyboard */,
				15B1CAFB1BBD8E8700E8B75F /* Info.plist */,
				15B1CB131BBD8FDB00E8B75F /* sounds */,
			);
			path = "Shake It";
			sourceTree = "<group>";
		};
		15B1CB131BBD8FDB00E8B75F /* sounds */ = {
			isa = PBXGroup;
			children = (
				15B1CB011BBD8FCF00E8B75F /* pop.mp3 */,
				15B1CB021BBD8FCF00E8B75F /* crash.mp3 */,
				15B1CB031BBD8FCF00E8B75F /* jump.mp3 */,
				15B1CB041BBD8FCF00E8B75F /* beep.mp3 */,
				15B1CB051BBD8FCF00E8B75F /* screech.mp3 */,
				15B1CB061BBD8FCF00E8B75F /* bomb.mp3 */,
				15B1CB071BBD8FCF00E8B75F /* scream.mp3 */,
				15B1CB081BBD8FCF00E8B75F /* boing.mp3 */,
				15B1CB091BBD8FCF00E8B75F /* fall.mp3 */,
			);
			name = sounds;
			sourceTree = "<group>";
		};
/* End PBXGroup section */

/* Begin PBXNativeTarget section */
		15B1CAEB1BBD8E8700E8B75F /* Shake It */ = {
			isa = PBXNativeTarget;
			buildConfigurationList = 15B1CAFE1BBD8E8700E8B75F /* Build configuration list for PBXNativeTarget "Shake It" */;
			buildPhases = (
				15B1CAE81BBD8E8700E8B75F /* Sources */,
				15B1CAE91BBD8E8700E8B75F /* Frameworks */,
				15B1CAEA1BBD8E8700E8B75F /* Resources */,
			);
			buildRules = (
			);
			dependencies = (
			);
			name = "Shake It";
			productName = "Shake It";
			productReference = 15B1CAEC1BBD8E8700E8B75F /* Shake It.app */;
			productType = "com.apple.product-type.application";
		};
/* End PBXNativeTarget section */

/* Begin PBXProject section */
		15B1CAE41BBD8E8700E8B75F /* Project object */ = {
			isa = PBXProject;
			attributes = {
				LastUpgradeCheck = 0700;
				ORGANIZATIONNAME = "Beatriz Macedo";
				TargetAttributes = {
					15B1CAEB1BBD8E8700E8B75F = {
						CreatedOnToolsVersion = 7.0;
					};
				};
			};
			buildConfigurationList = 15B1CAE71BBD8E8700E8B75F /* Build configuration list for PBXProject "Shake It" */;
			compatibilityVersion = "Xcode 3.2";
			developmentRegion = English;
			hasScannedForEncodings = 0;
			knownRegions = (
				en,
				Base,
			);
			mainGroup = 15B1CAE31BBD8E8700E8B75F;
			productRefGroup = 15B1CAED1BBD8E8700E8B75F /* Products */;
			projectDirPath = "";
			projectRoot = "";
			targets = (
				15B1CAEB1BBD8E8700E8B75F /* Shake It */,
			);
		};
/* End PBXProject section */

/* Begin PBXResourcesBuildPhase section */
		15B1CAEA1BBD8E8700E8B75F /* Resources */ = {
			isa = PBXResourcesBuildPhase;
			buildActionMask = 2147483647;
			files = (
				15B1CB0A1BBD8FCF00E8B75F /* pop.mp3 in Resources */,
				15B1CB101BBD8FCF00E8B75F /* scream.mp3 in Resources */,
				15B1CAFA1BBD8E8700E8B75F /* LaunchScreen.storyboard in Resources */,
				15B1CB0F1BBD8FCF00E8B75F /* bomb.mp3 in Resources */,
				15B1CB0C1BBD8FCF00E8B75F /* jump.mp3 in Resources */,
				15B1CB121BBD8FCF00E8B75F /* fall.mp3 in Resources */,
				15B1CB0B1BBD8FCF00E8B75F /* crash.mp3 in Resources */,
				15B1CAF71BBD8E8700E8B75F /* Assets.xcassets in Resources */,
				15B1CB0D1BBD8FCF00E8B75F /* beep.mp3 in Resources */,
				15B1CB0E1BBD8FCF00E8B75F /* screech.mp3 in Resources */,
				15B1CAF51BBD8E8700E8B75F /* Main.storyboard in Resources */,
				15B1CB111BBD8FCF00E8B75F /* boing.mp3 in Resources */,
			);
			runOnlyForDeploymentPostprocessing = 0;
		};
/* End PBXResourcesBuildPhase section */

/* Begin PBXSourcesBuildPhase section */
		15B1CAE81BBD8E8700E8B75F /* Sources */ = {
			isa = PBXSourcesBuildPhase;
			buildActionMask = 2147483647;
			files = (
				15B1CAF21BBD8E8700E8B75F /* ViewController.swift in Sources */,
				15B1CAF01BBD8E8700E8B75F /* AppDelegate.swift in Sources */,
			);
			runOnlyForDeploymentPostprocessing = 0;
		};
/* End PBXSourcesBuildPhase section */

/* Begin PBXVariantGroup section */
		15B1CAF31BBD8E8700E8B75F /* Main.storyboard */ = {
			isa = PBXVariantGroup;
			children = (
				15B1CAF41BBD8E8700E8B75F /* Base */,
			);
			name = Main.storyboard;
			sourceTree = "<group>";
		};
		15B1CAF81BBD8E8700E8B75F /* LaunchScreen.storyboard */ = {
			isa = PBXVariantGroup;
			children = (
				15B1CAF91BBD8E8700E8B75F /* Base */,
			);
			name = LaunchScreen.storyboard;
			sourceTree = "<group>";
		};
/* End PBXVariantGroup section */

/* Begin XCBuildConfiguration section */
		15B1CAFC1BBD8E8700E8B75F /* Debug */ = {
			isa = XCBuildConfiguration;
			buildSettings = {
				ALWAYS_SEARCH_USER_PATHS = NO;
				CLANG_CXX_LANGUAGE_STANDARD = "gnu++0x";
				CLANG_CXX_LIBRARY = "libc++";
				CLANG_ENABLE_MODULES = YES;
				CLANG_ENABLE_OBJC_ARC = YES;
				CLANG_WARN_BOOL_CONVERSION = YES;
				CLANG_WARN_CONSTANT_CONVERSION = YES;
				CLANG_WARN_DIRECT_OBJC_ISA_USAGE = YES_ERROR;
				CLANG_WARN_EMPTY_BODY = YES;
				CLANG_WARN_ENUM_CONVERSION = YES;
				CLANG_WARN_INT_CONVERSION = YES;
				CLANG_WARN_OBJC_ROOT_CLASS = YES_ERROR;
				CLANG_WARN_UNREACHABLE_CODE = YES;
				CLANG_WARN__DUPLICATE_METHOD_MATCH = YES;
				"CODE_SIGN_IDENTITY[sdk=iphoneos*]" = "iPhone Developer";
				COPY_PHASE_STRIP = NO;
				DEBUG_INFORMATION_FORMAT = dwarf;
				ENABLE_STRICT_OBJC_MSGSEND = YES;
				ENABLE_TESTABILITY = YES;
				GCC_C_LANGUAGE_STANDARD = gnu99;
				GCC_DYNAMIC_NO_PIC = NO;
				GCC_NO_COMMON_BLOCKS = YES;
				GCC_OPTIMIZATION_LEVEL = 0;
				GCC_PREPROCESSOR_DEFINITIONS = (
					"DEBUG=1",
					"$(inherited)",
				);
				GCC_WARN_64_TO_32_BIT_CONVERSION = YES;
				GCC_WARN_ABOUT_RETURN_TYPE = YES_ERROR;
				GCC_WARN_UNDECLARED_SELECTOR = YES;
				GCC_WARN_UNINITIALIZED_AUTOS = YES_AGGRESSIVE;
				GCC_WARN_UNUSED_FUNCTION = YES;
				GCC_WARN_UNUSED_VARIABLE = YES;
				IPHONEOS_DEPLOYMENT_TARGET = 9.0;
				MTL_ENABLE_DEBUG_INFO = YES;
				ONLY_ACTIVE_ARCH = YES;
				SDKROOT = iphoneos;
				SWIFT_OPTIMIZATION_LEVEL = "-Onone";
			};
			name = Debug;
		};
		15B1CAFD1BBD8E8700E8B75F /* Release */ = {
			isa = XCBuildConfiguration;
			buildSettings = {
				ALWAYS_SEARCH_USER_PATHS = NO;
				CLANG_CXX_LANGUAGE_STANDARD = "gnu++0x";
				CLANG_CXX_LIBRARY = "libc++";
				CLANG_ENABLE_MODULES = YES;
				CLANG_ENABLE_OBJC_ARC = YES;
				CLANG_WARN_BOOL_CONVERSION = YES;
				CLANG_WARN_CONSTANT_CONVERSION = YES;
				CLANG_WARN_DIRECT_OBJC_ISA_USAGE = YES_ERROR;
				CLANG_WARN_EMPTY_BODY = YES;
				CLANG_WARN_ENUM_CONVERSION = YES;
				CLANG_WARN_INT_CONVERSION = YES;
				CLANG_WARN_OBJC_ROOT_CLASS = YES_ERROR;
				CLANG_WARN_UNREACHABLE_CODE = YES;
				CLANG_WARN__DUPLICATE_METHOD_MATCH = YES;
				"CODE_SIGN_IDENTITY[sdk=iphoneos*]" = "iPhone Developer";
				COPY_PHASE_STRIP = NO;
				DEBUG_INFORMATION_FORMAT = "dwarf-with-dsym";
				ENABLE_NS_ASSERTIONS = NO;
				ENABLE_STRICT_OBJC_MSGSEND = YES;
				GCC_C_LANGUAGE_STANDARD = gnu99;
				GCC_NO_COMMON_BLOCKS = YES;
				GCC_WARN_64_TO_32_BIT_CONVERSION = YES;
				GCC_WARN_ABOUT_RETURN_TYPE = YES_ERROR;
				GCC_WARN_UNDECLARED_SELECTOR = YES;
				GCC_WARN_UNINITIALIZED_AUTOS = YES_AGGRESSIVE;
				GCC_WARN_UNUSED_FUNCTION = YES;
				GCC_WARN_UNUSED_VARIABLE = YES;
				IPHONEOS_DEPLOYMENT_TARGET = 9.0;
				MTL_ENABLE_DEBUG_INFO = NO;
				SDKROOT = iphoneos;
				VALIDATE_PRODUCT = YES;
			};
			name = Release;
		};
		15B1CAFF1BBD8E8700E8B75F /* Debug */ = {
			isa = XCBuildConfiguration;
			buildSettings = {
				ASSETCATALOG_COMPILER_APPICON_NAME = AppIcon;
				INFOPLIST_FILE = "Shake It/Info.plist";
				LD_RUNPATH_SEARCH_PATHS = "$(inherited) @executable_path/Frameworks";
				PRODUCT_BUNDLE_IDENTIFIER = "com.macedo.Shake-It";
				PRODUCT_NAME = "$(TARGET_NAME)";
			};
			name = Debug;
		};
		15B1CB001BBD8E8700E8B75F /* Release */ = {
			isa = XCBuildConfiguration;
			buildSettings = {
				ASSETCATALOG_COMPILER_APPICON_NAME = AppIcon;
				INFOPLIST_FILE = "Shake It/Info.plist";
				LD_RUNPATH_SEARCH_PATHS = "$(inherited) @executable_path/Frameworks";
				PRODUCT_BUNDLE_IDENTIFIER = "com.macedo.Shake-It";
				PRODUCT_NAME = "$(TARGET_NAME)";
			};
			name = Release;
		};
/* End XCBuildConfiguration section */

/* Begin XCConfigurationList section */
		15B1CAE71BBD8E8700E8B75F /* Build configuration list for PBXProject "Shake It" */ = {
			isa = XCConfigurationList;
			buildConfigurations = (
				15B1CAFC1BBD8E8700E8B75F /* Debug */,
				15B1CAFD1BBD8E8700E8B75F /* Release */,
			);
			defaultConfigurationIsVisible = 0;
			defaultConfigurationName = Release;
		};
		15B1CAFE1BBD8E8700E8B75F /* Build configuration list for PBXNativeTarget "Shake It" */ = {
			isa = XCConfigurationList;
			buildConfigurations = (
				15B1CAFF1BBD8E8700E8B75F /* Debug */,
				15B1CB001BBD8E8700E8B75F /* Release */,
			);
			defaultConfigurationIsVisible = 0;
		};
/* End XCConfigurationList section */
	};
	rootObject = 15B1CAE41BBD8E8700E8B75F /* Project object */;
}
